
Microsoft Visual Studio Solution File, Format Version 12.00
# Visual Studio 15
VisualStudioVersion = 15.0.28307.168
MinimumVisualStudioVersion = 10.0.40219.1
Project("{2150E333-8FDC-42A3-9474-1A3956D46DE8}") = "1. Gün", "1. Gün", "{35037086-0DCC-4C20-A523-DA386AB304F3}"
EndProject
Project("{FAE04EC0-301F-11D3-BF4B-00C04F79EFBC}") = "EFDBFirst", "EFDBFirst\EFDBFirst.csproj", "{DD2A07AA-78EB-4EA1-A10E-2BDC3A2CFC8E}"
EndProject
Project("{2150E333-8FDC-42A3-9474-1A3956D46DE8}") = "2. Gün", "2. Gün", "{7C57C666-9C00-40EF-BF81-F5B9CAA6DF1C}"
EndProject
Project("{FAE04EC0-301F-11D3-BF4B-00C04F79EFBC}") = "EF_TemelCrudIslemleri", "EF_TemelCrudIslemleri\EF_TemelCrudIslemleri.csproj", "{5BA1E6A6-44C6-45E4-BFCA-62DCA9C8B6C1}"
EndProject
Project("{2150E333-8FDC-42A3-9474-1A3956D46DE8}") = "3. Gün", "3. Gün", "{B22BB94E-6727-463E-B279-3F7D50206DAE}"
EndProject
Project("{FAE04EC0-301F-11D3-BF4B-00C04F79EFBC}") = "EF_CF1", "EF_CF1\EF_CF1.csproj", "{22076085-54A4-4ED6-A00D-51A4FB3656DB}"
EndProject
Project("{2150E333-8FDC-42A3-9474-1A3956D46DE8}") = "4. Gün", "4. Gün", "{0A489A4C-972F-487B-A655-2B4E10F742FD}"
EndProject
Project("{FAE04EC0-301F-11D3-BF4B-00C04F79EFBC}") = "Kuzey.Models", "Kuzey.Models\Kuzey.Models.csproj", "{8D538468-ECE2-452E-92B7-8724380107B5}"
EndProject
Project("{FAE04EC0-301F-11D3-BF4B-00C04F79EFBC}") = "Kuzey.DAL", "Kuzey.DAL\Kuzey.DAL.csproj", "{B4D1850A-1F00-4BFE-A88B-424A1A4BC753}"
EndProject
Project("{FAE04EC0-301F-11D3-BF4B-00C04F79EFBC}") = "Kuzey.BLL", "Kuzey.BLL\Kuzey.BLL.csproj", "{174633D0-D36F-4594-92DD-4460431860C9}"
EndProject
Project("{FAE04EC0-301F-11D3-BF4B-00C04F79EFBC}") = "Kuzey.WFA", "Kuzey.WFA\Kuzey.WFA.csproj", "{230F1C44-BB97-49BD-AD36-E1D6CBEB241B}"
EndProject
Project("{FAE04EC0-301F-11D3-BF4B-00C04F79EFBC}") = "Kuzey.Console", "Kuzey.Console\Kuzey.Console.csproj", "{FB2C9275-BB4D-429B-B303-DC3CF01C7DF2}"
EndProject
Project("{2150E333-8FDC-42A3-9474-1A3956D46DE8}") = "5. Gün", "5. Gün", "{F7D3DEFE-9E9B-4C77-BB0D-A2AA2A4C7CBC}"
EndProject
Project("{FAE04EC0-301F-11D3-BF4B-00C04F79EFBC}") = "Reverse.Models", "Reverse.Models\Reverse.Models.csproj", "{8D36EC12-955A-48E4-9CE3-B436A7D8B384}"
EndProject
Project("{FAE04EC0-301F-11D3-BF4B-00C04F79EFBC}") = "Reverse.DAL", "Reverse.DAL\Reverse.DAL.csproj", "{C60C46F6-78A3-4145-9F2A-E2203F4B0340}"
EndProject
Project("{FAE04EC0-301F-11D3-BF4B-00C04F79EFBC}") = "Reverse.BLL", "Reverse.BLL\Reverse.BLL.csproj", "{C25C39BF-8267-4518-8E0B-7A90594FFE86}"
EndProject
Project("{FAE04EC0-301F-11D3-BF4B-00C04F79EFBC}") = "Reverse.WFA", "Reverse.WFA\Reverse.WFA.csproj", "{70CEE0EB-A1F4-4666-ADF1-929E1E5C2D06}"
EndProject
Project("{2150E333-8FDC-42A3-9474-1A3956D46DE8}") = "Otel Rezervasyon", "Otel Rezervasyon", "{B864838D-4EEB-4475-9491-3FA25265C7DA}"
EndProject
Project("{FAE04EC0-301F-11D3-BF4B-00C04F79EFBC}") = "Otel.Models", "Otel.Models\Otel.Models.csproj", "{41760E87-CAD7-4BD9-AC80-90FDE5A3834E}"
EndProject
Project("{FAE04EC0-301F-11D3-BF4B-00C04F79EFBC}") = "Otel.BLL", "Otel.BLL\Otel.BLL.csproj", "{F422A0B0-7518-4398-BCCD-62E694F279A3}"
EndProject
Project("{FAE04EC0-301F-11D3-BF4B-00C04F79EFBC}") = "Otel.DAL", "Otel.DAL\Otel.DAL.csproj", "{93FE92B2-3FAF-4EDC-ADC2-9A9E12982BAC}"
EndProject
Project("{FAE04EC0-301F-11D3-BF4B-00C04F79EFBC}") = "Otel.WFA", "Otel.WFA\Otel.WFA.csproj", "{DBAD67B6-0B2D-4B04-9614-69E326162A56}"
EndProject
Global
	GlobalSection(SolutionConfigurationPlatforms) = preSolution
		Debug|Any CPU = Debug|Any CPU
		Release|Any CPU = Release|Any CPU
	EndGlobalSection
	GlobalSection(ProjectConfigurationPlatforms) = postSolution
		{DD2A07AA-78EB-4EA1-A10E-2BDC3A2CFC8E}.Debug|Any CPU.ActiveCfg = Debug|Any CPU
		{DD2A07AA-78EB-4EA1-A10E-2BDC3A2CFC8E}.Debug|Any CPU.Build.0 = Debug|Any CPU
		{DD2A07AA-78EB-4EA1-A10E-2BDC3A2CFC8E}.Release|Any CPU.ActiveCfg = Release|Any CPU
		{DD2A07AA-78EB-4EA1-A10E-2BDC3A2CFC8E}.Release|Any CPU.Build.0 = Release|Any CPU
		{5BA1E6A6-44C6-45E4-BFCA-62DCA9C8B6C1}.Debug|Any CPU.ActiveCfg = Debug|Any CPU
		{5BA1E6A6-44C6-45E4-BFCA-62DCA9C8B6C1}.Debug|Any CPU.Build.0 = Debug|Any CPU
		{5BA1E6A6-44C6-45E4-BFCA-62DCA9C8B6C1}.Release|Any CPU.ActiveCfg = Release|Any CPU
		{5BA1E6A6-44C6-45E4-BFCA-62DCA9C8B6C1}.Release|Any CPU.Build.0 = Release|Any CPU
		{22076085-54A4-4ED6-A00D-51A4FB3656DB}.Debug|Any CPU.ActiveCfg = Debug|Any CPU
		{22076085-54A4-4ED6-A00D-51A4FB3656DB}.Debug|Any CPU.Build.0 = Debug|Any CPU
		{22076085-54A4-4ED6-A00D-51A4FB3656DB}.Release|Any CPU.ActiveCfg = Release|Any CPU
		{22076085-54A4-4ED6-A00D-51A4FB3656DB}.Release|Any CPU.Build.0 = Release|Any CPU
		{8D538468-ECE2-452E-92B7-8724380107B5}.Debug|Any CPU.ActiveCfg = Debug|Any CPU
		{8D538468-ECE2-452E-92B7-8724380107B5}.Debug|Any CPU.Build.0 = Debug|Any CPU
		{8D538468-ECE2-452E-92B7-8724380107B5}.Release|Any CPU.ActiveCfg = Release|Any CPU
		{8D538468-ECE2-452E-92B7-8724380107B5}.Release|Any CPU.Build.0 = Release|Any CPU
		{B4D1850A-1F00-4BFE-A88B-424A1A4BC753}.Debug|Any CPU.ActiveCfg = Debug|Any CPU
		{B4D1850A-1F00-4BFE-A88B-424A1A4BC753}.Debug|Any CPU.Build.0 = Debug|Any CPU
		{B4D1850A-1F00-4BFE-A88B-424A1A4BC753}.Release|Any CPU.ActiveCfg = Release|Any CPU
		{B4D1850A-1F00-4BFE-A88B-424A1A4BC753}.Release|Any CPU.Build.0 = Release|Any CPU
		{174633D0-D36F-4594-92DD-4460431860C9}.Debug|Any CPU.ActiveCfg = Debug|Any CPU
		{174633D0-D36F-4594-92DD-4460431860C9}.Debug|Any CPU.Build.0 = Debug|Any CPU
		{174633D0-D36F-4594-92DD-4460431860C9}.Release|Any CPU.ActiveCfg = Release|Any CPU
		{174633D0-D36F-4594-92DD-4460431860C9}.Release|Any CPU.Build.0 = Release|Any CPU
		{230F1C44-BB97-49BD-AD36-E1D6CBEB241B}.Debug|Any CPU.ActiveCfg = Debug|Any CPU
		{230F1C44-BB97-49BD-AD36-E1D6CBEB241B}.Debug|Any CPU.Build.0 = Debug|Any CPU
		{230F1C44-BB97-49BD-AD36-E1D6CBEB241B}.Release|Any CPU.ActiveCfg = Release|Any CPU
		{230F1C44-BB97-49BD-AD36-E1D6CBEB241B}.Release|Any CPU.Build.0 = Release|Any CPU
		{FB2C9275-BB4D-429B-B303-DC3CF01C7DF2}.Debug|Any CPU.ActiveCfg = Debug|Any CPU
		{FB2C9275-BB4D-429B-B303-DC3CF01C7DF2}.Debug|Any CPU.Build.0 = Debug|Any CPU
		{FB2C9275-BB4D-429B-B303-DC3CF01C7DF2}.Release|Any CPU.ActiveCfg = Release|Any CPU
		{FB2C9275-BB4D-429B-B303-DC3CF01C7DF2}.Release|Any CPU.Build.0 = Release|Any CPU
		{8D36EC12-955A-48E4-9CE3-B436A7D8B384}.Debug|Any CPU.ActiveCfg = Debug|Any CPU
		{8D36EC12-955A-48E4-9CE3-B436A7D8B384}.Debug|Any CPU.Build.0 = Debug|Any CPU
		{8D36EC12-955A-48E4-9CE3-B436A7D8B384}.Release|Any CPU.ActiveCfg = Release|Any CPU
		{8D36EC12-955A-48E4-9CE3-B436A7D8B384}.Release|Any CPU.Build.0 = Release|Any CPU
		{C60C46F6-78A3-4145-9F2A-E2203F4B0340}.Debug|Any CPU.ActiveCfg = Debug|Any CPU
		{C60C46F6-78A3-4145-9F2A-E2203F4B0340}.Debug|Any CPU.Build.0 = Debug|Any CPU
		{C60C46F6-78A3-4145-9F2A-E2203F4B0340}.Release|Any CPU.ActiveCfg = Release|Any CPU
		{C60C46F6-78A3-4145-9F2A-E2203F4B0340}.Release|Any CPU.Build.0 = Release|Any CPU
		{C25C39BF-8267-4518-8E0B-7A90594FFE86}.Debug|Any CPU.ActiveCfg = Debug|Any CPU
		{C25C39BF-8267-4518-8E0B-7A90594FFE86}.Debug|Any CPU.Build.0 = Debug|Any CPU
		{C25C39BF-8267-4518-8E0B-7A90594FFE86}.Release|Any CPU.ActiveCfg = Release|Any CPU
		{C25C39BF-8267-4518-8E0B-7A90594FFE86}.Release|Any CPU.Build.0 = Release|Any CPU
		{70CEE0EB-A1F4-4666-ADF1-929E1E5C2D06}.Debug|Any CPU.ActiveCfg = Debug|Any CPU
		{70CEE0EB-A1F4-4666-ADF1-929E1E5C2D06}.Debug|Any CPU.Build.0 = Debug|Any CPU
		{70CEE0EB-A1F4-4666-ADF1-929E1E5C2D06}.Release|Any CPU.ActiveCfg = Release|Any CPU
		{70CEE0EB-A1F4-4666-ADF1-929E1E5C2D06}.Release|Any CPU.Build.0 = Release|Any CPU
		{41760E87-CAD7-4BD9-AC80-90FDE5A3834E}.Debug|Any CPU.ActiveCfg = Debug|Any CPU
		{41760E87-CAD7-4BD9-AC80-90FDE5A3834E}.Debug|Any CPU.Build.0 = Debug|Any CPU
		{41760E87-CAD7-4BD9-AC80-90FDE5A3834E}.Release|Any CPU.ActiveCfg = Release|Any CPU
		{41760E87-CAD7-4BD9-AC80-90FDE5A3834E}.Release|Any CPU.Build.0 = Release|Any CPU
		{F422A0B0-7518-4398-BCCD-62E694F279A3}.Debug|Any CPU.ActiveCfg = Debug|Any CPU
		{F422A0B0-7518-4398-BCCD-62E694F279A3}.Debug|Any CPU.Build.0 = Debug|Any CPU
		{F422A0B0-7518-4398-BCCD-62E694F279A3}.Release|Any CPU.ActiveCfg = Release|Any CPU
		{F422A0B0-7518-4398-BCCD-62E694F279A3}.Release|Any CPU.Build.0 = Release|Any CPU
		{93FE92B2-3FAF-4EDC-ADC2-9A9E12982BAC}.Debug|Any CPU.ActiveCfg = Debug|Any CPU
		{93FE92B2-3FAF-4EDC-ADC2-9A9E12982BAC}.Debug|Any CPU.Build.0 = Debug|Any CPU
		{93FE92B2-3FAF-4EDC-ADC2-9A9E12982BAC}.Release|Any CPU.ActiveCfg = Release|Any CPU
		{93FE92B2-3FAF-4EDC-ADC2-9A9E12982BAC}.Release|Any CPU.Build.0 = Release|Any CPU
		{DBAD67B6-0B2D-4B04-9614-69E326162A56}.Debug|Any CPU.ActiveCfg = Debug|Any CPU
		{DBAD67B6-0B2D-4B04-9614-69E326162A56}.Debug|Any CPU.Build.0 = Debug|Any CPU
		{DBAD67B6-0B2D-4B04-9614-69E326162A56}.Release|Any CPU.ActiveCfg = Release|Any CPU
		{DBAD67B6-0B2D-4B04-9614-69E326162A56}.Release|Any CPU.Build.0 = Release|Any CPU
	EndGlobalSection
	GlobalSection(SolutionProperties) = preSolution
		HideSolutionNode = FALSE
	EndGlobalSection
	GlobalSection(NestedProjects) = preSolution
		{DD2A07AA-78EB-4EA1-A10E-2BDC3A2CFC8E} = {35037086-0DCC-4C20-A523-DA386AB304F3}
		{5BA1E6A6-44C6-45E4-BFCA-62DCA9C8B6C1} = {7C57C666-9C00-40EF-BF81-F5B9CAA6DF1C}
		{22076085-54A4-4ED6-A00D-51A4FB3656DB} = {B22BB94E-6727-463E-B279-3F7D50206DAE}
		{8D538468-ECE2-452E-92B7-8724380107B5} = {0A489A4C-972F-487B-A655-2B4E10F742FD}
		{B4D1850A-1F00-4BFE-A88B-424A1A4BC753} = {0A489A4C-972F-487B-A655-2B4E10F742FD}
		{174633D0-D36F-4594-92DD-4460431860C9} = {0A489A4C-972F-487B-A655-2B4E10F742FD}
		{230F1C44-BB97-49BD-AD36-E1D6CBEB241B} = {0A489A4C-972F-487B-A655-2B4E10F742FD}
		{FB2C9275-BB4D-429B-B303-DC3CF01C7DF2} = {0A489A4C-972F-487B-A655-2B4E10F742FD}
		{8D36EC12-955A-48E4-9CE3-B436A7D8B384} = {F7D3DEFE-9E9B-4C77-BB0D-A2AA2A4C7CBC}
		{C60C46F6-78A3-4145-9F2A-E2203F4B0340} = {F7D3DEFE-9E9B-4C77-BB0D-A2AA2A4C7CBC}
		{C25C39BF-8267-4518-8E0B-7A90594FFE86} = {F7D3DEFE-9E9B-4C77-BB0D-A2AA2A4C7CBC}
		{70CEE0EB-A1F4-4666-ADF1-929E1E5C2D06} = {F7D3DEFE-9E9B-4C77-BB0D-A2AA2A4C7CBC}
		{41760E87-CAD7-4BD9-AC80-90FDE5A3834E} = {B864838D-4EEB-4475-9491-3FA25265C7DA}
		{F422A0B0-7518-4398-BCCD-62E694F279A3} = {B864838D-4EEB-4475-9491-3FA25265C7DA}
		{93FE92B2-3FAF-4EDC-ADC2-9A9E12982BAC} = {B864838D-4EEB-4475-9491-3FA25265C7DA}
		{DBAD67B6-0B2D-4B04-9614-69E326162A56} = {B864838D-4EEB-4475-9491-3FA25265C7DA}
	EndGlobalSection
	GlobalSection(ExtensibilityGlobals) = postSolution
		SolutionGuid = {C47C2910-116B-4C6D-95E0-F3E564D2685C}
	EndGlobalSection
EndGlobal
